
Microsoft Visual Studio Solution File, Format Version 12.00
# Visual Studio 15
VisualStudioVersion = 15.0.27004.2009
MinimumVisualStudioVersion = 10.0.40219.1
Project("{FAE04EC0-301F-11D3-BF4B-00C04F79EFBC}") = "CargarExcel", "CargarExcel\CargarExcel.csproj", "{2E34FB9E-CE39-41B9-BF61-EFE11F31B277}"
EndProject
Global
	GlobalSection(SolutionConfigurationPlatforms) = preSolution
		Debug|Any CPU = Debug|Any CPU
		Release|Any CPU = Release|Any CPU
	EndGlobalSection
	GlobalSection(ProjectConfigurationPlatforms) = postSolution
		{2E34FB9E-CE39-41B9-BF61-EFE11F31B277}.Debug|Any CPU.ActiveCfg = Debug|Any CPU
		{2E34FB9E-CE39-41B9-BF61-EFE11F31B277}.Debug|Any CPU.Build.0 = Debug|Any CPU
		{2E34FB9E-CE39-41B9-BF61-EFE11F31B277}.Release|Any CPU.ActiveCfg = Release|Any CPU
		{2E34FB9E-CE39-41B9-BF61-EFE11F31B277}.Release|Any CPU.Build.0 = Release|Any CPU
	EndGlobalSection
	GlobalSection(SolutionProperties) = preSolution
		HideSolutionNode = FALSE
	EndGlobalSection
	GlobalSection(ExtensibilityGlobals) = postSolution
		SolutionGuid = {4D43BD7C-6378-4357-87C9-39DBA7C59A7B}
	EndGlobalSection
EndGlobal
